
Microsoft Visual Studio Solution File, Format Version 12.00
# Visual Studio Version 16
VisualStudioVersion = 16.0.30320.27
MinimumVisualStudioVersion = 10.0.40219.1
Project("{FAE04EC0-301F-11D3-BF4B-00C04F79EFBC}") = "FGFly", "FGFly.csproj", "{FBC2A5AF-E17D-472B-B73A-1E5D9407F730}"
EndProject
Global
	GlobalSection(SolutionConfigurationPlatforms) = preSolution
		Debug|Any CPU = Debug|Any CPU
		Release|Any CPU = Release|Any CPU
	EndGlobalSection
	GlobalSection(ProjectConfigurationPlatforms) = postSolution
		{FBC2A5AF-E17D-472B-B73A-1E5D9407F730}.Debug|Any CPU.ActiveCfg = Debug|Any CPU
		{FBC2A5AF-E17D-472B-B73A-1E5D9407F730}.Debug|Any CPU.Build.0 = Debug|Any CPU
		{FBC2A5AF-E17D-472B-B73A-1E5D9407F730}.Release|Any CPU.ActiveCfg = Release|Any CPU
		{FBC2A5AF-E17D-472B-B73A-1E5D9407F730}.Release|Any CPU.Build.0 = Release|Any CPU
	EndGlobalSection
	GlobalSection(SolutionProperties) = preSolution
		HideSolutionNode = FALSE
	EndGlobalSection
	GlobalSection(ExtensibilityGlobals) = postSolution
		SolutionGuid = {461752ED-320A-4C56-9867-370555B431E0}
	EndGlobalSection
EndGlobal
